%{
  "construct": {:git, "https://github.com/ExpressApp/construct.git", "c8861f8da4acf337046288924131f3969714845a", []},
  "glob_ex": {:hex, :glob_ex, "0.1.1", "dc652ac17aeab97392da3beb73ff24f4e4de061b717ca7e75818e869e5acd104", [:mix], [], "hexpm", "d27bc551f9fd92b96c7bad687aba1a7cd5eeaaec7170c55add227f395f89e3af"},
  "libgraph": {:hex, :libgraph, "0.16.0", "3936f3eca6ef826e08880230f806bfea13193e49bf153f93edcf0239d4fd1d07", [:mix], [], "hexpm", "41ca92240e8a4138c30a7e06466acc709b0cbb795c643e9e17174a178982d6bf"},
  "mneme": {:git, "https://github.com/zachallaun/mneme", "c59a13bd6b7e39b74fa8bb9ba2f645d18ddef267", [branch: "force-update"]},
  "nimble_options": {:hex, :nimble_options, "1.0.1", "b448018287b22584e91b5fd9c6c0ad717cb4bcdaa457957c8d57770f56625c43", [:mix], [], "hexpm", "078b2927cd9f84555be6386d56e849b0c555025ecccf7afee00ab6a9e6f63837"},
  "owl": {:hex, :owl, "0.7.0", "4899a1de8f5ba004ff14883f97a4ef97ac46c6395f1da39aa1e27a026443a1b3", [:mix], [], "hexpm", "c4c61de07128fff8fdcefb12722e0420262091296b796f3db4f400a1b3d22e8b"},
  "pathex": {:hex, :pathex, "2.5.1", "e9bee4f6fd024366160abe7d60a2a702ece2e90a6d9aac766b87f21a6c857a61", [:mix], [], "hexpm", "74a361572fe45eeb7ede1a8fa575aab7f1343813e83bea8cea5f431ec6b064fd"},
  "rewrite": {:hex, :rewrite, "0.6.3", "d0066a47ee0dfd807f8ec9bfe2933a2e6ec06eb070af26ebb881e8bd1f75b4b3", [:mix], [{:glob_ex, "~> 0.1", [hex: :glob_ex, repo: "hexpm", optional: false]}, {:sourceror, "~> 0.12", [hex: :sourceror, repo: "hexpm", optional: false]}], "hexpm", "e0b0e3b6bbeddce9e16e04fb9b024fd82cd75369bd94bc27351458303e831bc2"},
  "sourceror": {:hex, :sourceror, "0.12.2", "2ae55efd149193572e0eb723df7c7a1bda9ab33c43373c82642931dbb2f4e428", [:mix], [], "hexpm", "7ad74ade6fb079c71f29fae10c34bcf2323542d8c51ee1bcd77a546cfa89d59c"},
  "test_iex": {:git, "https://github.com/mindreframer/test_iex.git", "cbd266373fca3709fe8a442e231b82298def7dd9", []},
  "typed_struct": {:hex, :typed_struct, "0.3.0", "939789e3c1dca39d7170c87f729127469d1315dcf99fee8e152bb774b17e7ff7", [:mix], [], "hexpm", "c50bd5c3a61fe4e198a8504f939be3d3c85903b382bde4865579bc23111d1b6d"},
  "virtfs": {:hex, :virtfs, "0.1.3", "493ce152088ad816d996e22a5d127106146e0f6f727211b260f545a91b1a6db8", [:mix], [{:typed_struct, "~> 0.3.0", [hex: :typed_struct, repo: "hexpm", optional: false]}], "hexpm", "4799e3c4d7eab8bb426a7a759285a8fb56671302391c83874d71c8698e426ce3"},
}
